
Microsoft Visual Studio Solution File, Format Version 12.00
# Visual Studio 15
VisualStudioVersion = 15.0.28010.2036
MinimumVisualStudioVersion = 10.0.40219.1
Project("{FAE04EC0-301F-11D3-BF4B-00C04F79EFBC}") = "InfiniteListView.Droid", "InfiniteListView\InfiniteListView.Android\InfiniteListView.Droid.csproj", "{03E9D11A-D85D-42EF-B6D6-21C73B035E02}"
EndProject
Project("{FAE04EC0-301F-11D3-BF4B-00C04F79EFBC}") = "InfiniteListView.iOS", "InfiniteListView\InfiniteListView.iOS\InfiniteListView.iOS.csproj", "{66DDBC97-D4D0-4FB2-8B3E-5B82B1B36CBF}"
EndProject
Project("{FAE04EC0-301F-11D3-BF4B-00C04F79EFBC}") = "InfiniteListView.Core", "InfiniteListView\InfiniteListView\InfiniteListView.Core.csproj", "{55267378-55DB-4716-A94D-19747F18693B}"
EndProject
Global
	GlobalSection(SolutionConfigurationPlatforms) = preSolution
		Ad-Hoc|Any CPU = Ad-Hoc|Any CPU
		Ad-Hoc|iPhone = Ad-Hoc|iPhone
		Ad-Hoc|iPhoneSimulator = Ad-Hoc|iPhoneSimulator
		AppStore|Any CPU = AppStore|Any CPU
		AppStore|iPhone = AppStore|iPhone
		AppStore|iPhoneSimulator = AppStore|iPhoneSimulator
		Debug|Any CPU = Debug|Any CPU
		Debug|iPhone = Debug|iPhone
		Debug|iPhoneSimulator = Debug|iPhoneSimulator
		Release|Any CPU = Release|Any CPU
		Release|iPhone = Release|iPhone
		Release|iPhoneSimulator = Release|iPhoneSimulator
	EndGlobalSection
	GlobalSection(ProjectConfigurationPlatforms) = postSolution
		{03E9D11A-D85D-42EF-B6D6-21C73B035E02}.Ad-Hoc|Any CPU.ActiveCfg = Release|Any CPU
		{03E9D11A-D85D-42EF-B6D6-21C73B035E02}.Ad-Hoc|Any CPU.Build.0 = Release|Any CPU
		{03E9D11A-D85D-42EF-B6D6-21C73B035E02}.Ad-Hoc|Any CPU.Deploy.0 = Release|Any CPU
		{03E9D11A-D85D-42EF-B6D6-21C73B035E02}.Ad-Hoc|iPhone.ActiveCfg = Release|Any CPU
		{03E9D11A-D85D-42EF-B6D6-21C73B035E02}.Ad-Hoc|iPhone.Build.0 = Release|Any CPU
		{03E9D11A-D85D-42EF-B6D6-21C73B035E02}.Ad-Hoc|iPhone.Deploy.0 = Release|Any CPU
		{03E9D11A-D85D-42EF-B6D6-21C73B035E02}.Ad-Hoc|iPhoneSimulator.ActiveCfg = Release|Any CPU
		{03E9D11A-D85D-42EF-B6D6-21C73B035E02}.Ad-Hoc|iPhoneSimulator.Build.0 = Release|Any CPU
		{03E9D11A-D85D-42EF-B6D6-21C73B035E02}.Ad-Hoc|iPhoneSimulator.Deploy.0 = Release|Any CPU
		{03E9D11A-D85D-42EF-B6D6-21C73B035E02}.AppStore|Any CPU.ActiveCfg = Release|Any CPU
		{03E9D11A-D85D-42EF-B6D6-21C73B035E02}.AppStore|Any CPU.Build.0 = Release|Any CPU
		{03E9D11A-D85D-42EF-B6D6-21C73B035E02}.AppStore|Any CPU.Deploy.0 = Release|Any CPU
		{03E9D11A-D85D-42EF-B6D6-21C73B035E02}.AppStore|iPhone.ActiveCfg = Release|Any CPU
		{03E9D11A-D85D-42EF-B6D6-21C73B035E02}.AppStore|iPhone.Build.0 = Release|Any CPU
		{03E9D11A-D85D-42EF-B6D6-21C73B035E02}.AppStore|iPhone.Deploy.0 = Release|Any CPU
		{03E9D11A-D85D-42EF-B6D6-21C73B035E02}.AppStore|iPhoneSimulator.ActiveCfg = Release|Any CPU
		{03E9D11A-D85D-42EF-B6D6-21C73B035E02}.AppStore|iPhoneSimulator.Build.0 = Release|Any CPU
		{03E9D11A-D85D-42EF-B6D6-21C73B035E02}.AppStore|iPhoneSimulator.Deploy.0 = Release|Any CPU
		{03E9D11A-D85D-42EF-B6D6-21C73B035E02}.Debug|Any CPU.ActiveCfg = Debug|Any CPU
		{03E9D11A-D85D-42EF-B6D6-21C73B035E02}.Debug|Any CPU.Build.0 = Debug|Any CPU
		{03E9D11A-D85D-42EF-B6D6-21C73B035E02}.Debug|Any CPU.Deploy.0 = Debug|Any CPU
		{03E9D11A-D85D-42EF-B6D6-21C73B035E02}.Debug|iPhone.ActiveCfg = Debug|Any CPU
		{03E9D11A-D85D-42EF-B6D6-21C73B035E02}.Debug|iPhone.Build.0 = Debug|Any CPU
		{03E9D11A-D85D-42EF-B6D6-21C73B035E02}.Debug|iPhone.Deploy.0 = Debug|Any CPU
		{03E9D11A-D85D-42EF-B6D6-21C73B035E02}.Debug|iPhoneSimulator.ActiveCfg = Debug|Any CPU
		{03E9D11A-D85D-42EF-B6D6-21C73B035E02}.Debug|iPhoneSimulator.Build.0 = Debug|Any CPU
		{03E9D11A-D85D-42EF-B6D6-21C73B035E02}.Debug|iPhoneSimulator.Deploy.0 = Debug|Any CPU
		{03E9D11A-D85D-42EF-B6D6-21C73B035E02}.Release|Any CPU.ActiveCfg = Release|Any CPU
		{03E9D11A-D85D-42EF-B6D6-21C73B035E02}.Release|Any CPU.Build.0 = Release|Any CPU
		{03E9D11A-D85D-42EF-B6D6-21C73B035E02}.Release|Any CPU.Deploy.0 = Release|Any CPU
		{03E9D11A-D85D-42EF-B6D6-21C73B035E02}.Release|iPhone.ActiveCfg = Release|Any CPU
		{03E9D11A-D85D-42EF-B6D6-21C73B035E02}.Release|iPhone.Build.0 = Release|Any CPU
		{03E9D11A-D85D-42EF-B6D6-21C73B035E02}.Release|iPhone.Deploy.0 = Release|Any CPU
		{03E9D11A-D85D-42EF-B6D6-21C73B035E02}.Release|iPhoneSimulator.ActiveCfg = Release|Any CPU
		{03E9D11A-D85D-42EF-B6D6-21C73B035E02}.Release|iPhoneSimulator.Build.0 = Release|Any CPU
		{03E9D11A-D85D-42EF-B6D6-21C73B035E02}.Release|iPhoneSimulator.Deploy.0 = Release|Any CPU
		{66DDBC97-D4D0-4FB2-8B3E-5B82B1B36CBF}.Ad-Hoc|Any CPU.ActiveCfg = Ad-Hoc|iPhone
		{66DDBC97-D4D0-4FB2-8B3E-5B82B1B36CBF}.Ad-Hoc|Any CPU.Build.0 = Ad-Hoc|iPhone
		{66DDBC97-D4D0-4FB2-8B3E-5B82B1B36CBF}.Ad-Hoc|Any CPU.Deploy.0 = Ad-Hoc|iPhone
		{66DDBC97-D4D0-4FB2-8B3E-5B82B1B36CBF}.Ad-Hoc|iPhone.ActiveCfg = Ad-Hoc|iPhone
		{66DDBC97-D4D0-4FB2-8B3E-5B82B1B36CBF}.Ad-Hoc|iPhone.Build.0 = Ad-Hoc|iPhone
		{66DDBC97-D4D0-4FB2-8B3E-5B82B1B36CBF}.Ad-Hoc|iPhone.Deploy.0 = Ad-Hoc|iPhone
		{66DDBC97-D4D0-4FB2-8B3E-5B82B1B36CBF}.Ad-Hoc|iPhoneSimulator.ActiveCfg = Ad-Hoc|iPhoneSimulator
		{66DDBC97-D4D0-4FB2-8B3E-5B82B1B36CBF}.Ad-Hoc|iPhoneSimulator.Build.0 = Ad-Hoc|iPhoneSimulator
		{66DDBC97-D4D0-4FB2-8B3E-5B82B1B36CBF}.Ad-Hoc|iPhoneSimulator.Deploy.0 = Ad-Hoc|iPhoneSimulator
		{66DDBC97-D4D0-4FB2-8B3E-5B82B1B36CBF}.AppStore|Any CPU.ActiveCfg = AppStore|iPhone
		{66DDBC97-D4D0-4FB2-8B3E-5B82B1B36CBF}.AppStore|Any CPU.Build.0 = AppStore|iPhone
		{66DDBC97-D4D0-4FB2-8B3E-5B82B1B36CBF}.AppStore|Any CPU.Deploy.0 = AppStore|iPhone
		{66DDBC97-D4D0-4FB2-8B3E-5B82B1B36CBF}.AppStore|iPhone.ActiveCfg = AppStore|iPhone
		{66DDBC97-D4D0-4FB2-8B3E-5B82B1B36CBF}.AppStore|iPhone.Build.0 = AppStore|iPhone
		{66DDBC97-D4D0-4FB2-8B3E-5B82B1B36CBF}.AppStore|iPhone.Deploy.0 = AppStore|iPhone
		{66DDBC97-D4D0-4FB2-8B3E-5B82B1B36CBF}.AppStore|iPhoneSimulator.ActiveCfg = AppStore|iPhoneSimulator
		{66DDBC97-D4D0-4FB2-8B3E-5B82B1B36CBF}.AppStore|iPhoneSimulator.Build.0 = AppStore|iPhoneSimulator
		{66DDBC97-D4D0-4FB2-8B3E-5B82B1B36CBF}.AppStore|iPhoneSimulator.Deploy.0 = AppStore|iPhoneSimulator
		{66DDBC97-D4D0-4FB2-8B3E-5B82B1B36CBF}.Debug|Any CPU.ActiveCfg = Debug|iPhone
		{66DDBC97-D4D0-4FB2-8B3E-5B82B1B36CBF}.Debug|Any CPU.Build.0 = Debug|iPhone
		{66DDBC97-D4D0-4FB2-8B3E-5B82B1B36CBF}.Debug|Any CPU.Deploy.0 = Debug|iPhone
		{66DDBC97-D4D0-4FB2-8B3E-5B82B1B36CBF}.Debug|iPhone.ActiveCfg = Debug|iPhone
		{66DDBC97-D4D0-4FB2-8B3E-5B82B1B36CBF}.Debug|iPhone.Build.0 = Debug|iPhone
		{66DDBC97-D4D0-4FB2-8B3E-5B82B1B36CBF}.Debug|iPhone.Deploy.0 = Debug|iPhone
		{66DDBC97-D4D0-4FB2-8B3E-5B82B1B36CBF}.Debug|iPhoneSimulator.ActiveCfg = Debug|iPhoneSimulator
		{66DDBC97-D4D0-4FB2-8B3E-5B82B1B36CBF}.Debug|iPhoneSimulator.Build.0 = Debug|iPhoneSimulator
		{66DDBC97-D4D0-4FB2-8B3E-5B82B1B36CBF}.Debug|iPhoneSimulator.Deploy.0 = Debug|iPhoneSimulator
		{66DDBC97-D4D0-4FB2-8B3E-5B82B1B36CBF}.Release|Any CPU.ActiveCfg = Release|iPhone
		{66DDBC97-D4D0-4FB2-8B3E-5B82B1B36CBF}.Release|Any CPU.Build.0 = Release|iPhone
		{66DDBC97-D4D0-4FB2-8B3E-5B82B1B36CBF}.Release|Any CPU.Deploy.0 = Release|iPhone
		{66DDBC97-D4D0-4FB2-8B3E-5B82B1B36CBF}.Release|iPhone.ActiveCfg = Release|iPhone
		{66DDBC97-D4D0-4FB2-8B3E-5B82B1B36CBF}.Release|iPhone.Build.0 = Release|iPhone
		{66DDBC97-D4D0-4FB2-8B3E-5B82B1B36CBF}.Release|iPhone.Deploy.0 = Release|iPhone
		{66DDBC97-D4D0-4FB2-8B3E-5B82B1B36CBF}.Release|iPhoneSimulator.ActiveCfg = Release|iPhoneSimulator
		{66DDBC97-D4D0-4FB2-8B3E-5B82B1B36CBF}.Release|iPhoneSimulator.Build.0 = Release|iPhoneSimulator
		{66DDBC97-D4D0-4FB2-8B3E-5B82B1B36CBF}.Release|iPhoneSimulator.Deploy.0 = Release|iPhoneSimulator
		{55267378-55DB-4716-A94D-19747F18693B}.Ad-Hoc|Any CPU.ActiveCfg = Debug|Any CPU
		{55267378-55DB-4716-A94D-19747F18693B}.Ad-Hoc|Any CPU.Build.0 = Debug|Any CPU
		{55267378-55DB-4716-A94D-19747F18693B}.Ad-Hoc|Any CPU.Deploy.0 = Debug|Any CPU
		{55267378-55DB-4716-A94D-19747F18693B}.Ad-Hoc|iPhone.ActiveCfg = Debug|Any CPU
		{55267378-55DB-4716-A94D-19747F18693B}.Ad-Hoc|iPhone.Build.0 = Debug|Any CPU
		{55267378-55DB-4716-A94D-19747F18693B}.Ad-Hoc|iPhone.Deploy.0 = Debug|Any CPU
		{55267378-55DB-4716-A94D-19747F18693B}.Ad-Hoc|iPhoneSimulator.ActiveCfg = Debug|Any CPU
		{55267378-55DB-4716-A94D-19747F18693B}.Ad-Hoc|iPhoneSimulator.Build.0 = Debug|Any CPU
		{55267378-55DB-4716-A94D-19747F18693B}.Ad-Hoc|iPhoneSimulator.Deploy.0 = Debug|Any CPU
		{55267378-55DB-4716-A94D-19747F18693B}.AppStore|Any CPU.ActiveCfg = Debug|Any CPU
		{55267378-55DB-4716-A94D-19747F18693B}.AppStore|Any CPU.Build.0 = Debug|Any CPU
		{55267378-55DB-4716-A94D-19747F18693B}.AppStore|Any CPU.Deploy.0 = Debug|Any CPU
		{55267378-55DB-4716-A94D-19747F18693B}.AppStore|iPhone.ActiveCfg = Debug|Any CPU
		{55267378-55DB-4716-A94D-19747F18693B}.AppStore|iPhone.Build.0 = Debug|Any CPU
		{55267378-55DB-4716-A94D-19747F18693B}.AppStore|iPhone.Deploy.0 = Debug|Any CPU
		{55267378-55DB-4716-A94D-19747F18693B}.AppStore|iPhoneSimulator.ActiveCfg = Debug|Any CPU
		{55267378-55DB-4716-A94D-19747F18693B}.AppStore|iPhoneSimulator.Build.0 = Debug|Any CPU
		{55267378-55DB-4716-A94D-19747F18693B}.AppStore|iPhoneSimulator.Deploy.0 = Debug|Any CPU
		{55267378-55DB-4716-A94D-19747F18693B}.Debug|Any CPU.ActiveCfg = Debug|Any CPU
		{55267378-55DB-4716-A94D-19747F18693B}.Debug|Any CPU.Build.0 = Debug|Any CPU
		{55267378-55DB-4716-A94D-19747F18693B}.Debug|Any CPU.Deploy.0 = Debug|Any CPU
		{55267378-55DB-4716-A94D-19747F18693B}.Debug|iPhone.ActiveCfg = Debug|Any CPU
		{55267378-55DB-4716-A94D-19747F18693B}.Debug|iPhone.Build.0 = Debug|Any CPU
		{55267378-55DB-4716-A94D-19747F18693B}.Debug|iPhone.Deploy.0 = Debug|Any CPU
		{55267378-55DB-4716-A94D-19747F18693B}.Debug|iPhoneSimulator.ActiveCfg = Debug|Any CPU
		{55267378-55DB-4716-A94D-19747F18693B}.Debug|iPhoneSimulator.Build.0 = Debug|Any CPU
		{55267378-55DB-4716-A94D-19747F18693B}.Debug|iPhoneSimulator.Deploy.0 = Debug|Any CPU
		{55267378-55DB-4716-A94D-19747F18693B}.Release|Any CPU.ActiveCfg = Release|Any CPU
		{55267378-55DB-4716-A94D-19747F18693B}.Release|Any CPU.Build.0 = Release|Any CPU
		{55267378-55DB-4716-A94D-19747F18693B}.Release|Any CPU.Deploy.0 = Release|Any CPU
		{55267378-55DB-4716-A94D-19747F18693B}.Release|iPhone.ActiveCfg = Release|Any CPU
		{55267378-55DB-4716-A94D-19747F18693B}.Release|iPhone.Build.0 = Release|Any CPU
		{55267378-55DB-4716-A94D-19747F18693B}.Release|iPhone.Deploy.0 = Release|Any CPU
		{55267378-55DB-4716-A94D-19747F18693B}.Release|iPhoneSimulator.ActiveCfg = Release|Any CPU
		{55267378-55DB-4716-A94D-19747F18693B}.Release|iPhoneSimulator.Build.0 = Release|Any CPU
		{55267378-55DB-4716-A94D-19747F18693B}.Release|iPhoneSimulator.Deploy.0 = Release|Any CPU
	EndGlobalSection
	GlobalSection(SolutionProperties) = preSolution
		HideSolutionNode = FALSE
	EndGlobalSection
	GlobalSection(ExtensibilityGlobals) = postSolution
		SolutionGuid = {D77A846F-E730-44AD-A518-89A7E5296484}
	EndGlobalSection
EndGlobal
